
Microsoft Visual Studio Solution File, Format Version 12.00
# Visual Studio Version 17
VisualStudioVersion = 17.6.33801.468
MinimumVisualStudioVersion = 10.0.40219.1
Project("{FAE04EC0-301F-11D3-BF4B-00C04F79EFBC}") = "ExternalConnectionStringWinFormsApp", "src\ExternalConnectionStringWinFormsApp.csproj", "{35A13DF2-850E-4679-8A82-9ACEC4B9B743}"
EndProject
Global
	GlobalSection(SolutionConfigurationPlatforms) = preSolution
		Debug|Any CPU = Debug|Any CPU
		Release|Any CPU = Release|Any CPU
	EndGlobalSection
	GlobalSection(ProjectConfigurationPlatforms) = postSolution
		{35A13DF2-850E-4679-8A82-9ACEC4B9B743}.Debug|Any CPU.ActiveCfg = Debug|Any CPU
		{35A13DF2-850E-4679-8A82-9ACEC4B9B743}.Debug|Any CPU.Build.0 = Debug|Any CPU
		{35A13DF2-850E-4679-8A82-9ACEC4B9B743}.Release|Any CPU.ActiveCfg = Release|Any CPU
		{35A13DF2-850E-4679-8A82-9ACEC4B9B743}.Release|Any CPU.Build.0 = Release|Any CPU
	EndGlobalSection
	GlobalSection(SolutionProperties) = preSolution
		HideSolutionNode = FALSE
	EndGlobalSection
	GlobalSection(ExtensibilityGlobals) = postSolution
		SolutionGuid = {66144659-9B02-45F3-A060-856F13F5232D}
	EndGlobalSection
EndGlobal
